
Microsoft Visual Studio Solution File, Format Version 12.00
# Visual Studio Version 17
VisualStudioVersion = 17.7.34202.233
MinimumVisualStudioVersion = 10.0.40219.1
Project("{9A19103F-16F7-4668-BE54-9A1E7A4F7556}") = "Entities", "Entities\Entities.csproj", "{CDFA949C-E502-4F96-9EB1-A592BCA2E185}"
EndProject
Project("{9A19103F-16F7-4668-BE54-9A1E7A4F7556}") = "DataAccess", "DataAccess\DataAccess.csproj", "{77854EAC-9314-4431-ACE2-36DD69962E55}"
EndProject
Project("{9A19103F-16F7-4668-BE54-9A1E7A4F7556}") = "Business", "Business\Business.csproj", "{B7341D8D-5A74-4754-ADE8-C26AF04311E9}"
EndProject
Project("{9A19103F-16F7-4668-BE54-9A1E7A4F7556}") = "ConsoleUI", "ConsoleUI\ConsoleUI.csproj", "{F203041B-8E15-45DA-B71B-1C05E0BE8EB5}"
EndProject
Project("{9A19103F-16F7-4668-BE54-9A1E7A4F7556}") = "Core", "Core\Core.csproj", "{FD2C299A-D75E-4855-9F42-3120C2B574B1}"
EndProject
Project("{FAE04EC0-301F-11D3-BF4B-00C04F79EFBC}") = "WebAPI", "WebAPI\WebAPI.csproj", "{2448A5E6-429E-46AB-8CA4-CD618B942B61}"
EndProject
Global
	GlobalSection(SolutionConfigurationPlatforms) = preSolution
		Debug|Any CPU = Debug|Any CPU
		Release|Any CPU = Release|Any CPU
	EndGlobalSection
	GlobalSection(ProjectConfigurationPlatforms) = postSolution
		{CDFA949C-E502-4F96-9EB1-A592BCA2E185}.Debug|Any CPU.ActiveCfg = Debug|Any CPU
		{CDFA949C-E502-4F96-9EB1-A592BCA2E185}.Debug|Any CPU.Build.0 = Debug|Any CPU
		{CDFA949C-E502-4F96-9EB1-A592BCA2E185}.Release|Any CPU.ActiveCfg = Release|Any CPU
		{CDFA949C-E502-4F96-9EB1-A592BCA2E185}.Release|Any CPU.Build.0 = Release|Any CPU
		{77854EAC-9314-4431-ACE2-36DD69962E55}.Debug|Any CPU.ActiveCfg = Debug|Any CPU
		{77854EAC-9314-4431-ACE2-36DD69962E55}.Debug|Any CPU.Build.0 = Debug|Any CPU
		{77854EAC-9314-4431-ACE2-36DD69962E55}.Release|Any CPU.ActiveCfg = Release|Any CPU
		{77854EAC-9314-4431-ACE2-36DD69962E55}.Release|Any CPU.Build.0 = Release|Any CPU
		{B7341D8D-5A74-4754-ADE8-C26AF04311E9}.Debug|Any CPU.ActiveCfg = Debug|Any CPU
		{B7341D8D-5A74-4754-ADE8-C26AF04311E9}.Debug|Any CPU.Build.0 = Debug|Any CPU
		{B7341D8D-5A74-4754-ADE8-C26AF04311E9}.Release|Any CPU.ActiveCfg = Release|Any CPU
		{B7341D8D-5A74-4754-ADE8-C26AF04311E9}.Release|Any CPU.Build.0 = Release|Any CPU
		{F203041B-8E15-45DA-B71B-1C05E0BE8EB5}.Debug|Any CPU.ActiveCfg = Debug|Any CPU
		{F203041B-8E15-45DA-B71B-1C05E0BE8EB5}.Debug|Any CPU.Build.0 = Debug|Any CPU
		{F203041B-8E15-45DA-B71B-1C05E0BE8EB5}.Release|Any CPU.ActiveCfg = Release|Any CPU
		{F203041B-8E15-45DA-B71B-1C05E0BE8EB5}.Release|Any CPU.Build.0 = Release|Any CPU
		{FD2C299A-D75E-4855-9F42-3120C2B574B1}.Debug|Any CPU.ActiveCfg = Debug|Any CPU
		{FD2C299A-D75E-4855-9F42-3120C2B574B1}.Debug|Any CPU.Build.0 = Debug|Any CPU
		{FD2C299A-D75E-4855-9F42-3120C2B574B1}.Release|Any CPU.ActiveCfg = Release|Any CPU
		{FD2C299A-D75E-4855-9F42-3120C2B574B1}.Release|Any CPU.Build.0 = Release|Any CPU
		{2448A5E6-429E-46AB-8CA4-CD618B942B61}.Debug|Any CPU.ActiveCfg = Debug|Any CPU
		{2448A5E6-429E-46AB-8CA4-CD618B942B61}.Debug|Any CPU.Build.0 = Debug|Any CPU
		{2448A5E6-429E-46AB-8CA4-CD618B942B61}.Release|Any CPU.ActiveCfg = Release|Any CPU
		{2448A5E6-429E-46AB-8CA4-CD618B942B61}.Release|Any CPU.Build.0 = Release|Any CPU
	EndGlobalSection
	GlobalSection(SolutionProperties) = preSolution
		HideSolutionNode = FALSE
	EndGlobalSection
	GlobalSection(ExtensibilityGlobals) = postSolution
		SolutionGuid = {97C3D6AF-388C-4D9E-A3B3-0C7EFAB191FF}
	EndGlobalSection
EndGlobal
